// !$*UTF8*$!
{
	archiveVersion = 1;
	classes = {
	};
	objectVersion = 46;
	objects = {

/* Begin PBXBuildFile section */
		C39089F716EDAEED0009D55F /* main.cpp in Sources */ = {isa = PBXBuildFile; fileRef = C39089F616EDAEED0009D55F /* main.cpp */; };
		C39089F916EDAEED0009D55F /* flinger.1 in CopyFiles */ = {isa = PBXBuildFile; fileRef = C39089F816EDAEED0009D55F /* flinger.1 */; };
/* End PBXBuildFile section */

/* Begin PBXCopyFilesBuildPhase section */
		C39089F016EDAEED0009D55F /* CopyFiles */ = {
			isa = PBXCopyFilesBuildPhase;
			buildActionMask = 2147483647;
			dstPath = /usr/share/man/man1/;
			dstSubfolderSpec = 0;
			files = (
				C39089F916EDAEED0009D55F /* flinger.1 in CopyFiles */,
			);
			runOnlyForDeploymentPostprocessing = 1;
		};
/* End PBXCopyFilesBuildPhase section */

/* Begin PBXFileReference section */
		C39089F216EDAEED0009D55F /* flinger */ = {isa = PBXFileReference; explicitFileType = "compiled.mach-o.executable"; includeInIndex = 0; path = flinger; sourceTree = BUILT_PRODUCTS_DIR; };
		C39089F616EDAEED0009D55F /* main.cpp */ = {isa = PBXFileReference; lastKnownFileType = sourcecode.cpp.cpp; path = main.cpp; sourceTree = "<group>"; };
		C39089F816EDAEED0009D55F /* flinger.1 */ = {isa = PBXFileReference; lastKnownFileType = text.man; path = flinger.1; sourceTree = "<group>"; };
/* End PBXFileReference section */

/* Begin PBXFrameworksBuildPhase section */
		C39089EF16EDAEED0009D55F /* Frameworks */ = {
			isa = PBXFrameworksBuildPhase;
			buildActionMask = 2147483647;
			files = (
			);
			runOnlyForDeploymentPostprocessing = 0;
		};
/* End PBXFrameworksBuildPhase section */

/* Begin PBXGroup section */
		C39089E716EDAEED0009D55F = {
			isa = PBXGroup;
			children = (
				C39089F516EDAEED0009D55F /* flinger */,
				C39089F316EDAEED0009D55F /* Products */,
			);
			sourceTree = "<group>";
		};
		C39089F316EDAEED0009D55F /* Products */ = {
			isa = PBXGroup;
			children = (
				C39089F216EDAEED0009D55F /* flinger */,
			);
			name = Products;
			sourceTree = "<group>";
		};
		C39089F516EDAEED0009D55F /* flinger */ = {
			isa = PBXGroup;
			children = (
				C39089F616EDAEED0009D55F /* main.cpp */,
				C39089F816EDAEED0009D55F /* flinger.1 */,
			);
			path = flinger;
			sourceTree = "<group>";
		};
/* End PBXGroup section */

/* Begin PBXNativeTarget section */
		C39089F116EDAEED0009D55F /* flinger */ = {
			isa = PBXNativeTarget;
			buildConfigurationList = C39089FC16EDAEED0009D55F /* Build configuration list for PBXNativeTarget "flinger" */;
			buildPhases = (
				C39089EE16EDAEED0009D55F /* Sources */,
				C39089EF16EDAEED0009D55F /* Frameworks */,
				C39089F016EDAEED0009D55F /* CopyFiles */,
			);
			buildRules = (
			);
			dependencies = (
			);
			name = flinger;
			productName = flinger;
			productReference = C39089F216EDAEED0009D55F /* flinger */;
			productType = "com.apple.product-type.tool";
		};
/* End PBXNativeTarget section */

/* Begin PBXProject section */
		C39089E916EDAEED0009D55F /* Project object */ = {
			isa = PBXProject;
			attributes = {
				LastUpgradeCheck = 0450;
			};
			buildConfigurationList = C39089EC16EDAEED0009D55F /* Build configuration list for PBXProject "flinger" */;
			compatibilityVersion = "Xcode 3.2";
			developmentRegion = English;
			hasScannedForEncodings = 0;
			knownRegions = (
				en,
			);
			mainGroup = C39089E716EDAEED0009D55F;
			productRefGroup = C39089F316EDAEED0009D55F /* Products */;
			projectDirPath = "";
			projectRoot = "";
			targets = (
				C39089F116EDAEED0009D55F /* flinger */,
			);
		};
/* End PBXProject section */

/* Begin PBXSourcesBuildPhase section */
		C39089EE16EDAEED0009D55F /* Sources */ = {
			isa = PBXSourcesBuildPhase;
			buildActionMask = 2147483647;
			files = (
				C39089F716EDAEED0009D55F /* main.cpp in Sources */,
			);
			runOnlyForDeploymentPostprocessing = 0;
		};
/* End PBXSourcesBuildPhase section */

/* Begin XCBuildConfiguration section */
		C39089FA16EDAEED0009D55F /* Debug */ = {
			isa = XCBuildConfiguration;
			buildSettings = {
				ALWAYS_SEARCH_USER_PATHS = NO;
				ARCHS = "$(ARCHS_STANDARD_64_BIT)";
				CLANG_CXX_LANGUAGE_STANDARD = "gnu++0x";
				CLANG_CXX_LIBRARY = "libc++";
				CLANG_WARN_EMPTY_BODY = YES;
				CLANG_WARN__DUPLICATE_METHOD_MATCH = YES;
				COPY_PHASE_STRIP = NO;
				GCC_C_LANGUAGE_STANDARD = gnu99;
				GCC_DYNAMIC_NO_PIC = NO;
				GCC_ENABLE_OBJC_EXCEPTIONS = YES;
				GCC_OPTIMIZATION_LEVEL = 0;
				GCC_PREPROCESSOR_DEFINITIONS = (
					"DEBUG=1",
					"$(inherited)",
				);
				GCC_SYMBOLS_PRIVATE_EXTERN = NO;
				GCC_WARN_64_TO_32_BIT_CONVERSION = YES;
				GCC_WARN_ABOUT_RETURN_TYPE = YES;
				GCC_WARN_UNINITIALIZED_AUTOS = YES;
				GCC_WARN_UNUSED_VARIABLE = YES;
				MACOSX_DEPLOYMENT_TARGET = 10.7;
				ONLY_ACTIVE_ARCH = YES;
				SDKROOT = macosx;
			};
			name = Debug;
		};
		C39089FB16EDAEED0009D55F /* Release */ = {
			isa = XCBuildConfiguration;
			buildSettings = {
				ALWAYS_SEARCH_USER_PATHS = NO;
				ARCHS = "$(ARCHS_STANDARD_64_BIT)";
				CLANG_CXX_LANGUAGE_STANDARD = "gnu++0x";
				CLANG_CXX_LIBRARY = "libc++";
				CLANG_WARN_EMPTY_BODY = YES;
				CLANG_WARN__DUPLICATE_METHOD_MATCH = YES;
				COPY_PHASE_STRIP = YES;
				DEBUG_INFORMATION_FORMAT = "dwarf-with-dsym";
				GCC_C_LANGUAGE_STANDARD = gnu99;
				GCC_ENABLE_OBJC_EXCEPTIONS = YES;
				GCC_WARN_64_TO_32_BIT_CONVERSION = YES;
				GCC_WARN_ABOUT_RETURN_TYPE = YES;
				GCC_WARN_UNINITIALIZED_AUTOS = YES;
				GCC_WARN_UNUSED_VARIABLE = YES;
				MACOSX_DEPLOYMENT_TARGET = 10.7;
				SDKROOT = macosx;
			};
			name = Release;
		};
		C39089FD16EDAEED0009D55F /* Debug */ = {
			isa = XCBuildConfiguration;
			buildSettings = {
				PRODUCT_NAME = "$(TARGET_NAME)";
			};
			name = Debug;
		};
		C39089FE16EDAEED0009D55F /* Release */ = {
			isa = XCBuildConfiguration;
			buildSettings = {
				PRODUCT_NAME = "$(TARGET_NAME)";
			};
			name = Release;
		};
/* End XCBuildConfiguration section */

/* Begin XCConfigurationList section */
		C39089EC16EDAEED0009D55F /* Build configuration list for PBXProject "flinger" */ = {
			isa = XCConfigurationList;
			buildConfigurations = (
				C39089FA16EDAEED0009D55F /* Debug */,
				C39089FB16EDAEED0009D55F /* Release */,
			);
			defaultConfigurationIsVisible = 0;
			defaultConfigurationName = Release;
		};
		C39089FC16EDAEED0009D55F /* Build configuration list for PBXNativeTarget "flinger" */ = {
			isa = XCConfigurationList;
			buildConfigurations = (
				C39089FD16EDAEED0009D55F /* Debug */,
				C39089FE16EDAEED0009D55F /* Release */,
			);
			defaultConfigurationIsVisible = 0;
		};
/* End XCConfigurationList section */
	};
	rootObject = C39089E916EDAEED0009D55F /* Project object */;
}
